
Microsoft Visual Studio Solution File, Format Version 12.00
# Visual Studio Version 17
VisualStudioVersion = 17.5.002.0
MinimumVisualStudioVersion = 10.0.40219.1
Project("{9A19103F-16F7-4668-BE54-9A1E7A4F7556}") = "webodev", "webodev.csproj", "{3C4212C7-90BC-4C24-B5F5-4DE9671B6C34}"
EndProject
Global
	GlobalSection(SolutionConfigurationPlatforms) = preSolution
		Debug|Any CPU = Debug|Any CPU
		Release|Any CPU = Release|Any CPU
	EndGlobalSection
	GlobalSection(ProjectConfigurationPlatforms) = postSolution
		{3C4212C7-90BC-4C24-B5F5-4DE9671B6C34}.Debug|Any CPU.ActiveCfg = Debug|Any CPU
		{3C4212C7-90BC-4C24-B5F5-4DE9671B6C34}.Debug|Any CPU.Build.0 = Debug|Any CPU
		{3C4212C7-90BC-4C24-B5F5-4DE9671B6C34}.Release|Any CPU.ActiveCfg = Release|Any CPU
		{3C4212C7-90BC-4C24-B5F5-4DE9671B6C34}.Release|Any CPU.Build.0 = Release|Any CPU
	EndGlobalSection
	GlobalSection(SolutionProperties) = preSolution
		HideSolutionNode = FALSE
	EndGlobalSection
	GlobalSection(ExtensibilityGlobals) = postSolution
		SolutionGuid = {839FB910-C5B7-4B70-8CBB-B446B2EA8D5E}
	EndGlobalSection
EndGlobal
